
Microsoft Visual Studio Solution File, Format Version 12.00
# Visual Studio Version 17
VisualStudioVersion = 17.3.32825.248
MinimumVisualStudioVersion = 10.0.40219.1
Project("{FAE04EC0-301F-11D3-BF4B-00C04F79EFBC}") = "LibraryManagementSystem", "LibraryManagementSystem\LibraryManagementSystem.csproj", "{A48138AD-32A0-4219-9BA9-F0C49CE00AA7}"
EndProject
Project("{FAE04EC0-301F-11D3-BF4B-00C04F79EFBC}") = "LibraryMSWebAPP", "LibraryMSWebAPP\LibraryMSWebAPP.csproj", "{F78804A4-E398-4F8A-BB34-0781D0F5D8FB}"
EndProject
Global
	GlobalSection(SolutionConfigurationPlatforms) = preSolution
		Debug|Any CPU = Debug|Any CPU
		Release|Any CPU = Release|Any CPU
	EndGlobalSection
	GlobalSection(ProjectConfigurationPlatforms) = postSolution
		{A48138AD-32A0-4219-9BA9-F0C49CE00AA7}.Debug|Any CPU.ActiveCfg = Debug|Any CPU
		{A48138AD-32A0-4219-9BA9-F0C49CE00AA7}.Debug|Any CPU.Build.0 = Debug|Any CPU
		{A48138AD-32A0-4219-9BA9-F0C49CE00AA7}.Release|Any CPU.ActiveCfg = Release|Any CPU
		{A48138AD-32A0-4219-9BA9-F0C49CE00AA7}.Release|Any CPU.Build.0 = Release|Any CPU
		{F78804A4-E398-4F8A-BB34-0781D0F5D8FB}.Debug|Any CPU.ActiveCfg = Debug|Any CPU
		{F78804A4-E398-4F8A-BB34-0781D0F5D8FB}.Debug|Any CPU.Build.0 = Debug|Any CPU
		{F78804A4-E398-4F8A-BB34-0781D0F5D8FB}.Release|Any CPU.ActiveCfg = Release|Any CPU
		{F78804A4-E398-4F8A-BB34-0781D0F5D8FB}.Release|Any CPU.Build.0 = Release|Any CPU
	EndGlobalSection
	GlobalSection(SolutionProperties) = preSolution
		HideSolutionNode = FALSE
	EndGlobalSection
	GlobalSection(ExtensibilityGlobals) = postSolution
		SolutionGuid = {CCFA2CB1-072F-44A7-BECC-863E70C46DD4}
	EndGlobalSection
EndGlobal
